
Microsoft Visual Studio Solution File, Format Version 12.00
# Visual Studio Version 16
VisualStudioVersion = 16.0.28729.10
MinimumVisualStudioVersion = 10.0.40219.1
Project("{FAE04EC0-301F-11D3-BF4B-00C04F79EFBC}") = "ExpressCoreBank", "ExpressCoreBank\ExpressCoreBank.csproj", "{C6EE4775-5EE3-4768-B628-862DCB76414B}"
EndProject
Project("{FAE04EC0-301F-11D3-BF4B-00C04F79EFBC}") = "Express.Core", "Express.Core\Express.Core.csproj", "{71F60970-D1E8-4E88-8241-F1DF2E2CCAC0}"
EndProject
Project("{FAE04EC0-301F-11D3-BF4B-00C04F79EFBC}") = "ExpressData", "ExpressData\ExpressData.csproj", "{B39193BB-9122-4CDA-9A73-A353E471E6C9}"
EndProject
Project("{FAE04EC0-301F-11D3-BF4B-00C04F79EFBC}") = "ExpressLogic", "ExpressLogic\ExpressLogic.csproj", "{916084F9-6F97-4329-A471-C3F421E86856}"
EndProject
Global
	GlobalSection(SolutionConfigurationPlatforms) = preSolution
		Debug|Any CPU = Debug|Any CPU
		Release|Any CPU = Release|Any CPU
	EndGlobalSection
	GlobalSection(ProjectConfigurationPlatforms) = postSolution
		{C6EE4775-5EE3-4768-B628-862DCB76414B}.Debug|Any CPU.ActiveCfg = Debug|Any CPU
		{C6EE4775-5EE3-4768-B628-862DCB76414B}.Debug|Any CPU.Build.0 = Debug|Any CPU
		{C6EE4775-5EE3-4768-B628-862DCB76414B}.Release|Any CPU.ActiveCfg = Release|Any CPU
		{C6EE4775-5EE3-4768-B628-862DCB76414B}.Release|Any CPU.Build.0 = Release|Any CPU
		{71F60970-D1E8-4E88-8241-F1DF2E2CCAC0}.Debug|Any CPU.ActiveCfg = Debug|Any CPU
		{71F60970-D1E8-4E88-8241-F1DF2E2CCAC0}.Debug|Any CPU.Build.0 = Debug|Any CPU
		{71F60970-D1E8-4E88-8241-F1DF2E2CCAC0}.Release|Any CPU.ActiveCfg = Release|Any CPU
		{71F60970-D1E8-4E88-8241-F1DF2E2CCAC0}.Release|Any CPU.Build.0 = Release|Any CPU
		{B39193BB-9122-4CDA-9A73-A353E471E6C9}.Debug|Any CPU.ActiveCfg = Debug|Any CPU
		{B39193BB-9122-4CDA-9A73-A353E471E6C9}.Debug|Any CPU.Build.0 = Debug|Any CPU
		{B39193BB-9122-4CDA-9A73-A353E471E6C9}.Release|Any CPU.ActiveCfg = Release|Any CPU
		{B39193BB-9122-4CDA-9A73-A353E471E6C9}.Release|Any CPU.Build.0 = Release|Any CPU
		{916084F9-6F97-4329-A471-C3F421E86856}.Debug|Any CPU.ActiveCfg = Debug|Any CPU
		{916084F9-6F97-4329-A471-C3F421E86856}.Debug|Any CPU.Build.0 = Debug|Any CPU
		{916084F9-6F97-4329-A471-C3F421E86856}.Release|Any CPU.ActiveCfg = Release|Any CPU
		{916084F9-6F97-4329-A471-C3F421E86856}.Release|Any CPU.Build.0 = Release|Any CPU
	EndGlobalSection
	GlobalSection(SolutionProperties) = preSolution
		HideSolutionNode = FALSE
	EndGlobalSection
	GlobalSection(ExtensibilityGlobals) = postSolution
		SolutionGuid = {F8F0DF52-5C8C-4434-ABEE-674BF191D9BB}
	EndGlobalSection
EndGlobal
